
Microsoft Visual Studio Solution File, Format Version 12.00
# Visual Studio Version 16
VisualStudioVersion = 16.0.31515.178
MinimumVisualStudioVersion = 10.0.40219.1
Project("{FAE04EC0-301F-11D3-BF4B-00C04F79EFBC}") = "HabitLoop", "HabitLoop\HabitLoop.csproj", "{971EE8A1-4418-4EC6-AC3F-D08EA9915B8F}"
EndProject
Global
	GlobalSection(SolutionConfigurationPlatforms) = preSolution
		Debug|Any CPU = Debug|Any CPU
		Release|Any CPU = Release|Any CPU
	EndGlobalSection
	GlobalSection(ProjectConfigurationPlatforms) = postSolution
		{971EE8A1-4418-4EC6-AC3F-D08EA9915B8F}.Debug|Any CPU.ActiveCfg = Debug|Any CPU
		{971EE8A1-4418-4EC6-AC3F-D08EA9915B8F}.Debug|Any CPU.Build.0 = Debug|Any CPU
		{971EE8A1-4418-4EC6-AC3F-D08EA9915B8F}.Release|Any CPU.ActiveCfg = Release|Any CPU
		{971EE8A1-4418-4EC6-AC3F-D08EA9915B8F}.Release|Any CPU.Build.0 = Release|Any CPU
	EndGlobalSection
	GlobalSection(SolutionProperties) = preSolution
		HideSolutionNode = FALSE
	EndGlobalSection
	GlobalSection(ExtensibilityGlobals) = postSolution
		SolutionGuid = {E8AD5ED4-52B6-4DB8-990E-89268DC61F42}
	EndGlobalSection
EndGlobal
